// !$*UTF8*$!
{
	archiveVersion = 1;
	classes = {
	};
	objectVersion = 77;
	objects = {

/* Begin PBXBuildFile section */
		06F9C599D13ABC9481B999CC /* FactoryDefenseiOSApp.swift in Sources */ = {isa = PBXBuildFile; fileRef = 6A30B7E7E7F81567360D289F /* FactoryDefenseiOSApp.swift */; };
		0EF5465EEE28CC1693F7B9A9 /* GamePlatform in Frameworks */ = {isa = PBXBuildFile; productRef = 73195A00C9FA1F0151AF2AD3 /* GamePlatform */; };
		1019647A5D587620C0950001 /* FactoryDefenseRootView.swift in Sources */ = {isa = PBXBuildFile; fileRef = A674EBE7798D26CD408C8623 /* FactoryDefenseRootView.swift */; };
		1B363AEC1FE4DE2445683E09 /* GameUI in Frameworks */ = {isa = PBXBuildFile; productRef = EF3704ABFDC055A3552035A9 /* GameUI */; };
		238FBE1D49009385E8DE98A0 /* FactoryDefensemacOSRootView.swift in Sources */ = {isa = PBXBuildFile; fileRef = 1946AD536272650F81D4E16E /* FactoryDefensemacOSRootView.swift */; };
		248AEDC4B6FEC0E6F988F49B /* FactoryDefensemacOSApp.swift in Sources */ = {isa = PBXBuildFile; fileRef = 6DAB58A3FB14E4E602891CD4 /* FactoryDefensemacOSApp.swift */; };
		580EA17F3F11335ED6A22D9B /* GameContent in Frameworks */ = {isa = PBXBuildFile; productRef = A19C0F0FDF7C91400A522B20 /* GameContent */; };
		5EB6CC2EF3D8B8754C0C9262 /* GameRendering in Frameworks */ = {isa = PBXBuildFile; productRef = BD341917CE630FB32F83519B /* GameRendering */; };
		71C96B482C361D7DC218EA0E /* PrivacyInfo.xcprivacy in Resources */ = {isa = PBXBuildFile; fileRef = C76EE20EE25C45DF161DF394 /* PrivacyInfo.xcprivacy */; };
		76A6B66F9B96F3BA8DF43A20 /* PrivacyInfo.xcprivacy in Resources */ = {isa = PBXBuildFile; fileRef = 8D3FC07270FB6BE85510A0F7 /* PrivacyInfo.xcprivacy */; };
		7B151B4259EBC08254D111EB /* Assets.xcassets in Resources */ = {isa = PBXBuildFile; fileRef = A10A567F90953ABBE69424AA /* Assets.xcassets */; };
		9EE054EB6E89372142B05FDE /* GamePlatform in Frameworks */ = {isa = PBXBuildFile; productRef = 4558728C7379DD12FA5FC516 /* GamePlatform */; };
		AEBCC8FD3CDC4156AFD352CD /* Assets.xcassets in Resources */ = {isa = PBXBuildFile; fileRef = E430BCC79F4F853FD8E172A5 /* Assets.xcassets */; };
		B4220ED18DA800450B0EF761 /* GameRendering in Frameworks */ = {isa = PBXBuildFile; productRef = 6088D2A0F3BF7197A7B4FA04 /* GameRendering */; };
		CC2CB97D5FF0097BE8FE1891 /* GameUI in Frameworks */ = {isa = PBXBuildFile; productRef = D1EC8F29E821FF0DCE265673 /* GameUI */; };
		CC8E591AC302520D060CAE2B /* GameSimulation in Frameworks */ = {isa = PBXBuildFile; productRef = 8B6F5770615DAC76217DC753 /* GameSimulation */; };
		D715F582A4068629C6F920A1 /* GameSimulation in Frameworks */ = {isa = PBXBuildFile; productRef = BD2D36B88E9A7143FD102DAE /* GameSimulation */; };
		FB97BDC7CBB85E7378B1F0F9 /* GameContent in Frameworks */ = {isa = PBXBuildFile; productRef = 3F2D8ABC468E5EBACDA094D7 /* GameContent */; };
/* End PBXBuildFile section */

/* Begin PBXFileReference section */
		1946AD536272650F81D4E16E /* FactoryDefensemacOSRootView.swift */ = {isa = PBXFileReference; lastKnownFileType = sourcecode.swift; path = FactoryDefensemacOSRootView.swift; sourceTree = "<group>"; };
		58FD115FF154F2A9A700C012 /* FactoryDefense_macOS.app */ = {isa = PBXFileReference; explicitFileType = wrapper.application; includeInIndex = 0; path = FactoryDefense_macOS.app; sourceTree = BUILT_PRODUCTS_DIR; };
		664308933AB8BB2AFB1E2F83 /* FactoryDefense_iOS.app */ = {isa = PBXFileReference; includeInIndex = 0; lastKnownFileType = wrapper.application; path = FactoryDefense_iOS.app; sourceTree = BUILT_PRODUCTS_DIR; };
		6A30B7E7E7F81567360D289F /* FactoryDefenseiOSApp.swift */ = {isa = PBXFileReference; lastKnownFileType = sourcecode.swift; path = FactoryDefenseiOSApp.swift; sourceTree = "<group>"; };
		6DAB58A3FB14E4E602891CD4 /* FactoryDefensemacOSApp.swift */ = {isa = PBXFileReference; lastKnownFileType = sourcecode.swift; path = FactoryDefensemacOSApp.swift; sourceTree = "<group>"; };
		8D3FC07270FB6BE85510A0F7 /* PrivacyInfo.xcprivacy */ = {isa = PBXFileReference; path = PrivacyInfo.xcprivacy; sourceTree = "<group>"; };
		A10A567F90953ABBE69424AA /* Assets.xcassets */ = {isa = PBXFileReference; lastKnownFileType = folder.assetcatalog; path = Assets.xcassets; sourceTree = "<group>"; };
		A674EBE7798D26CD408C8623 /* FactoryDefenseRootView.swift */ = {isa = PBXFileReference; lastKnownFileType = sourcecode.swift; path = FactoryDefenseRootView.swift; sourceTree = "<group>"; };
		B6FBC465E45BCD8E01C66D2C /* factory-defense */ = {isa = PBXFileReference; lastKnownFileType = folder; name = "factory-defense"; path = .; sourceTree = SOURCE_ROOT; };
		C76EE20EE25C45DF161DF394 /* PrivacyInfo.xcprivacy */ = {isa = PBXFileReference; path = PrivacyInfo.xcprivacy; sourceTree = "<group>"; };
		E430BCC79F4F853FD8E172A5 /* Assets.xcassets */ = {isa = PBXFileReference; lastKnownFileType = folder.assetcatalog; path = Assets.xcassets; sourceTree = "<group>"; };
/* End PBXFileReference section */

/* Begin PBXFrameworksBuildPhase section */
		D13FCBD7A511C36610C71E3F /* Frameworks */ = {
			isa = PBXFrameworksBuildPhase;
			buildActionMask = 2147483647;
			files = (
				D715F582A4068629C6F920A1 /* GameSimulation in Frameworks */,
				5EB6CC2EF3D8B8754C0C9262 /* GameRendering in Frameworks */,
				CC2CB97D5FF0097BE8FE1891 /* GameUI in Frameworks */,
				9EE054EB6E89372142B05FDE /* GamePlatform in Frameworks */,
				580EA17F3F11335ED6A22D9B /* GameContent in Frameworks */,
			);
			runOnlyForDeploymentPostprocessing = 0;
		};
		F62AEE113D8FC8FC682DCACE /* Frameworks */ = {
			isa = PBXFrameworksBuildPhase;
			buildActionMask = 2147483647;
			files = (
				CC8E591AC302520D060CAE2B /* GameSimulation in Frameworks */,
				B4220ED18DA800450B0EF761 /* GameRendering in Frameworks */,
				1B363AEC1FE4DE2445683E09 /* GameUI in Frameworks */,
				0EF5465EEE28CC1693F7B9A9 /* GamePlatform in Frameworks */,
				FB97BDC7CBB85E7378B1F0F9 /* GameContent in Frameworks */,
			);
			runOnlyForDeploymentPostprocessing = 0;
		};
/* End PBXFrameworksBuildPhase section */

/* Begin PBXGroup section */
		034B1192FF6A85D38654BBD2 /* Packages */ = {
			isa = PBXGroup;
			children = (
				B6FBC465E45BCD8E01C66D2C /* factory-defense */,
			);
			name = Packages;
			sourceTree = "<group>";
		};
		1AF2C1190BE0220AA6E9C915 /* Products */ = {
			isa = PBXGroup;
			children = (
				664308933AB8BB2AFB1E2F83 /* FactoryDefense_iOS.app */,
				58FD115FF154F2A9A700C012 /* FactoryDefense_macOS.app */,
			);
			name = Products;
			sourceTree = "<group>";
		};
		332AC42DDA311C64F9906857 /* Sources */ = {
			isa = PBXGroup;
			children = (
				6A30B7E7E7F81567360D289F /* FactoryDefenseiOSApp.swift */,
				A674EBE7798D26CD408C8623 /* FactoryDefenseRootView.swift */,
			);
			name = Sources;
			path = Apps/iOS/Sources;
			sourceTree = "<group>";
		};
		42B552DE1AEC0C716C25589F = {
			isa = PBXGroup;
			children = (
				96D059F10327E6F09C4091B5 /* iOS */,
				8667219D2EC2AD180ACA98C5 /* macOS */,
				034B1192FF6A85D38654BBD2 /* Packages */,
				332AC42DDA311C64F9906857 /* Sources */,
				512D8ADB361D9516C173EE9D /* Sources */,
				1AF2C1190BE0220AA6E9C915 /* Products */,
			);
			sourceTree = "<group>";
		};
		512D8ADB361D9516C173EE9D /* Sources */ = {
			isa = PBXGroup;
			children = (
				6DAB58A3FB14E4E602891CD4 /* FactoryDefensemacOSApp.swift */,
				1946AD536272650F81D4E16E /* FactoryDefensemacOSRootView.swift */,
			);
			name = Sources;
			path = Apps/macOS/Sources;
			sourceTree = "<group>";
		};
		8667219D2EC2AD180ACA98C5 /* macOS */ = {
			isa = PBXGroup;
			children = (
				A10A567F90953ABBE69424AA /* Assets.xcassets */,
				8D3FC07270FB6BE85510A0F7 /* PrivacyInfo.xcprivacy */,
			);
			name = macOS;
			path = Apps/macOS;
			sourceTree = "<group>";
		};
		96D059F10327E6F09C4091B5 /* iOS */ = {
			isa = PBXGroup;
			children = (
				E430BCC79F4F853FD8E172A5 /* Assets.xcassets */,
				C76EE20EE25C45DF161DF394 /* PrivacyInfo.xcprivacy */,
			);
			name = iOS;
			path = Apps/iOS;
			sourceTree = "<group>";
		};
/* End PBXGroup section */

/* Begin PBXNativeTarget section */
		5828ECF7B3E195BF2EE6E8B9 /* FactoryDefense_macOS */ = {
			isa = PBXNativeTarget;
			buildConfigurationList = 1964D85CEF416153CCDA2872 /* Build configuration list for PBXNativeTarget "FactoryDefense_macOS" */;
			buildPhases = (
				018806DAF1ECFEE1CB753C0B /* Sources */,
				7F524BFC84E3676B838020DC /* Resources */,
				D13FCBD7A511C36610C71E3F /* Frameworks */,
			);
			buildRules = (
			);
			dependencies = (
			);
			name = FactoryDefense_macOS;
			packageProductDependencies = (
				BD2D36B88E9A7143FD102DAE /* GameSimulation */,
				BD341917CE630FB32F83519B /* GameRendering */,
				D1EC8F29E821FF0DCE265673 /* GameUI */,
				4558728C7379DD12FA5FC516 /* GamePlatform */,
				A19C0F0FDF7C91400A522B20 /* GameContent */,
			);
			productName = FactoryDefense_macOS;
			productReference = 58FD115FF154F2A9A700C012 /* FactoryDefense_macOS.app */;
			productType = "com.apple.product-type.application";
		};
		90FC9DA25A6F0E4A8BCE76A2 /* FactoryDefense_iOS */ = {
			isa = PBXNativeTarget;
			buildConfigurationList = 74D03F1A78339165564C22B7 /* Build configuration list for PBXNativeTarget "FactoryDefense_iOS" */;
			buildPhases = (
				063514873A00A38B92870F67 /* Sources */,
				8084D384964EC90DAAFE869A /* Resources */,
				F62AEE113D8FC8FC682DCACE /* Frameworks */,
			);
			buildRules = (
			);
			dependencies = (
			);
			name = FactoryDefense_iOS;
			packageProductDependencies = (
				8B6F5770615DAC76217DC753 /* GameSimulation */,
				6088D2A0F3BF7197A7B4FA04 /* GameRendering */,
				EF3704ABFDC055A3552035A9 /* GameUI */,
				73195A00C9FA1F0151AF2AD3 /* GamePlatform */,
				3F2D8ABC468E5EBACDA094D7 /* GameContent */,
			);
			productName = FactoryDefense_iOS;
			productReference = 664308933AB8BB2AFB1E2F83 /* FactoryDefense_iOS.app */;
			productType = "com.apple.product-type.application";
		};
/* End PBXNativeTarget section */

/* Begin PBXProject section */
		3678556D1C070DC73FA41605 /* Project object */ = {
			isa = PBXProject;
			attributes = {
				BuildIndependentTargetsInParallel = YES;
				LastUpgradeCheck = 2600;
				TargetAttributes = {
					5828ECF7B3E195BF2EE6E8B9 = {
						DevelopmentTeam = CQ8HGJ67R9;
						ProvisioningStyle = Automatic;
					};
					90FC9DA25A6F0E4A8BCE76A2 = {
						DevelopmentTeam = CQ8HGJ67R9;
						ProvisioningStyle = Automatic;
					};
				};
			};
			buildConfigurationList = 2D33B1D04C44B12F5BE5C138 /* Build configuration list for PBXProject "FactoryDefense" */;
			compatibilityVersion = "Xcode 14.0";
			developmentRegion = en;
			hasScannedForEncodings = 0;
			knownRegions = (
				Base,
				en,
			);
			mainGroup = 42B552DE1AEC0C716C25589F;
			minimizedProjectReferenceProxies = 1;
			packageReferences = (
				BC33B0E0CDAB767ECE16F114 /* XCLocalSwiftPackageReference "." */,
			);
			preferredProjectObjectVersion = 77;
			projectDirPath = "";
			projectRoot = "";
			targets = (
				90FC9DA25A6F0E4A8BCE76A2 /* FactoryDefense_iOS */,
				5828ECF7B3E195BF2EE6E8B9 /* FactoryDefense_macOS */,
			);
		};
/* End PBXProject section */

/* Begin PBXResourcesBuildPhase section */
		7F524BFC84E3676B838020DC /* Resources */ = {
			isa = PBXResourcesBuildPhase;
			buildActionMask = 2147483647;
			files = (
				7B151B4259EBC08254D111EB /* Assets.xcassets in Resources */,
				76A6B66F9B96F3BA8DF43A20 /* PrivacyInfo.xcprivacy in Resources */,
			);
			runOnlyForDeploymentPostprocessing = 0;
		};
		8084D384964EC90DAAFE869A /* Resources */ = {
			isa = PBXResourcesBuildPhase;
			buildActionMask = 2147483647;
			files = (
				AEBCC8FD3CDC4156AFD352CD /* Assets.xcassets in Resources */,
				71C96B482C361D7DC218EA0E /* PrivacyInfo.xcprivacy in Resources */,
			);
			runOnlyForDeploymentPostprocessing = 0;
		};
/* End PBXResourcesBuildPhase section */

/* Begin PBXSourcesBuildPhase section */
		018806DAF1ECFEE1CB753C0B /* Sources */ = {
			isa = PBXSourcesBuildPhase;
			buildActionMask = 2147483647;
			files = (
				248AEDC4B6FEC0E6F988F49B /* FactoryDefensemacOSApp.swift in Sources */,
				238FBE1D49009385E8DE98A0 /* FactoryDefensemacOSRootView.swift in Sources */,
			);
			runOnlyForDeploymentPostprocessing = 0;
		};
		063514873A00A38B92870F67 /* Sources */ = {
			isa = PBXSourcesBuildPhase;
			buildActionMask = 2147483647;
			files = (
				1019647A5D587620C0950001 /* FactoryDefenseRootView.swift in Sources */,
				06F9C599D13ABC9481B999CC /* FactoryDefenseiOSApp.swift in Sources */,
			);
			runOnlyForDeploymentPostprocessing = 0;
		};
/* End PBXSourcesBuildPhase section */

/* Begin XCBuildConfiguration section */
		1FB54E21AE50D38B7E07D581 /* Release */ = {
			isa = XCBuildConfiguration;
			buildSettings = {
				ALWAYS_SEARCH_USER_PATHS = NO;
				ARCHS = arm64;
				ASSETCATALOG_COMPILER_APPICON_NAME = AppIcon;
				CODE_SIGN_ENTITLEMENTS = Apps/macOS/FactoryDefense.entitlements;
				COMBINE_HIDPI_IMAGES = YES;
				ENABLE_HARDENED_RUNTIME = YES;
				INFOPLIST_FILE = Apps/macOS/Info.plist;
				LD_RUNPATH_SEARCH_PATHS = (
					"$(inherited)",
					"@executable_path/../Frameworks",
				);
				MACOSX_DEPLOYMENT_TARGET = 15.0;
				ONLY_ACTIVE_ARCH = YES;
				PRODUCT_BUNDLE_IDENTIFIER = com.factorydefense.macos;
				PRODUCT_NAME = "Factory Defense";
				SDKROOT = macosx;
			};
			name = Release;
		};
		40961325AD8E78C7AE97A09E /* Release */ = {
			isa = XCBuildConfiguration;
			buildSettings = {
				ASSETCATALOG_COMPILER_APPICON_NAME = AppIcon;
				CODE_SIGN_ENTITLEMENTS = Apps/iOS/FactoryDefense.entitlements;
				CODE_SIGN_IDENTITY = "iPhone Developer";
				INFOPLIST_FILE = Apps/iOS/Info.plist;
				INFOPLIST_KEY_UILaunchScreen_Generation = YES;
				INFOPLIST_KEY_UIRequiresFullScreen = YES;
				INFOPLIST_KEY_UISupportedInterfaceOrientations_iPad = "UIInterfaceOrientationLandscapeLeft UIInterfaceOrientationLandscapeRight";
				INFOPLIST_KEY_UISupportedInterfaceOrientations_iPhone = "UIInterfaceOrientationLandscapeLeft UIInterfaceOrientationLandscapeRight";
				IPHONEOS_DEPLOYMENT_TARGET = 18.0;
				LD_RUNPATH_SEARCH_PATHS = (
					"$(inherited)",
					"@executable_path/Frameworks",
				);
				PRODUCT_BUNDLE_IDENTIFIER = com.factorydefense;
				PRODUCT_NAME = "Factory Defense";
				SDKROOT = iphoneos;
				TARGETED_DEVICE_FAMILY = "1,2";
			};
			name = Release;
		};
		58D9F884D7124E0D4E3E93AA /* Release */ = {
			isa = XCBuildConfiguration;
			buildSettings = {
				ALWAYS_SEARCH_USER_PATHS = NO;
				CLANG_ANALYZER_NONNULL = YES;
				CLANG_ANALYZER_NUMBER_OBJECT_CONVERSION = YES_AGGRESSIVE;
				CLANG_CXX_LANGUAGE_STANDARD = "gnu++14";
				CLANG_CXX_LIBRARY = "libc++";
				CLANG_ENABLE_MODULES = YES;
				CLANG_ENABLE_OBJC_ARC = YES;
				CLANG_ENABLE_OBJC_WEAK = YES;
				CLANG_WARN_BLOCK_CAPTURE_AUTORELEASING = YES;
				CLANG_WARN_BOOL_CONVERSION = YES;
				CLANG_WARN_COMMA = YES;
				CLANG_WARN_CONSTANT_CONVERSION = YES;
				CLANG_WARN_DEPRECATED_OBJC_IMPLEMENTATIONS = YES;
				CLANG_WARN_DIRECT_OBJC_ISA_USAGE = YES_ERROR;
				CLANG_WARN_DOCUMENTATION_COMMENTS = YES;
				CLANG_WARN_EMPTY_BODY = YES;
				CLANG_WARN_ENUM_CONVERSION = YES;
				CLANG_WARN_INFINITE_RECURSION = YES;
				CLANG_WARN_INT_CONVERSION = YES;
				CLANG_WARN_NON_LITERAL_NULL_CONVERSION = YES;
				CLANG_WARN_OBJC_IMPLICIT_RETAIN_SELF = YES;
				CLANG_WARN_OBJC_LITERAL_CONVERSION = YES;
				CLANG_WARN_OBJC_ROOT_CLASS = YES_ERROR;
				CLANG_WARN_QUOTED_INCLUDE_IN_FRAMEWORK_HEADER = YES;
				CLANG_WARN_RANGE_LOOP_ANALYSIS = YES;
				CLANG_WARN_STRICT_PROTOTYPES = YES;
				CLANG_WARN_SUSPICIOUS_MOVE = YES;
				CLANG_WARN_UNGUARDED_AVAILABILITY = YES_AGGRESSIVE;
				CLANG_WARN_UNREACHABLE_CODE = YES;
				CLANG_WARN__DUPLICATE_METHOD_MATCH = YES;
				CODE_SIGN_STYLE = Automatic;
				COPY_PHASE_STRIP = NO;
				CURRENT_PROJECT_VERSION = 1;
				DEBUG_INFORMATION_FORMAT = "dwarf-with-dsym";
				DEVELOPMENT_TEAM = CQ8HGJ67R9;
				ENABLE_NS_ASSERTIONS = NO;
				ENABLE_STRICT_OBJC_MSGSEND = YES;
				GCC_C_LANGUAGE_STANDARD = gnu11;
				GCC_NO_COMMON_BLOCKS = YES;
				GCC_WARN_64_TO_32_BIT_CONVERSION = YES;
				GCC_WARN_ABOUT_RETURN_TYPE = YES_ERROR;
				GCC_WARN_UNDECLARED_SELECTOR = YES;
				GCC_WARN_UNINITIALIZED_AUTOS = YES_AGGRESSIVE;
				GCC_WARN_UNUSED_FUNCTION = YES;
				GCC_WARN_UNUSED_VARIABLE = YES;
				IPHONEOS_DEPLOYMENT_TARGET = 18.0;
				MACOSX_DEPLOYMENT_TARGET = 15.0;
				MARKETING_VERSION = 1.0.0;
				MTL_ENABLE_DEBUG_INFO = NO;
				MTL_FAST_MATH = YES;
				PRODUCT_NAME = "$(TARGET_NAME)";
				SWIFT_COMPILATION_MODE = wholemodule;
				SWIFT_EMIT_LOC_STRINGS = YES;
				SWIFT_OPTIMIZATION_LEVEL = "-O";
				SWIFT_VERSION = 6.0;
				VERSIONING_SYSTEM = "apple-generic";
			};
			name = Release;
		};
		7BB23F01C40DF7A0E15AB097 /* Debug */ = {
			isa = XCBuildConfiguration;
			buildSettings = {
				ALWAYS_SEARCH_USER_PATHS = NO;
				CLANG_ANALYZER_NONNULL = YES;
				CLANG_ANALYZER_NUMBER_OBJECT_CONVERSION = YES_AGGRESSIVE;
				CLANG_CXX_LANGUAGE_STANDARD = "gnu++14";
				CLANG_CXX_LIBRARY = "libc++";
				CLANG_ENABLE_MODULES = YES;
				CLANG_ENABLE_OBJC_ARC = YES;
				CLANG_ENABLE_OBJC_WEAK = YES;
				CLANG_WARN_BLOCK_CAPTURE_AUTORELEASING = YES;
				CLANG_WARN_BOOL_CONVERSION = YES;
				CLANG_WARN_COMMA = YES;
				CLANG_WARN_CONSTANT_CONVERSION = YES;
				CLANG_WARN_DEPRECATED_OBJC_IMPLEMENTATIONS = YES;
				CLANG_WARN_DIRECT_OBJC_ISA_USAGE = YES_ERROR;
				CLANG_WARN_DOCUMENTATION_COMMENTS = YES;
				CLANG_WARN_EMPTY_BODY = YES;
				CLANG_WARN_ENUM_CONVERSION = YES;
				CLANG_WARN_INFINITE_RECURSION = YES;
				CLANG_WARN_INT_CONVERSION = YES;
				CLANG_WARN_NON_LITERAL_NULL_CONVERSION = YES;
				CLANG_WARN_OBJC_IMPLICIT_RETAIN_SELF = YES;
				CLANG_WARN_OBJC_LITERAL_CONVERSION = YES;
				CLANG_WARN_OBJC_ROOT_CLASS = YES_ERROR;
				CLANG_WARN_QUOTED_INCLUDE_IN_FRAMEWORK_HEADER = YES;
				CLANG_WARN_RANGE_LOOP_ANALYSIS = YES;
				CLANG_WARN_STRICT_PROTOTYPES = YES;
				CLANG_WARN_SUSPICIOUS_MOVE = YES;
				CLANG_WARN_UNGUARDED_AVAILABILITY = YES_AGGRESSIVE;
				CLANG_WARN_UNREACHABLE_CODE = YES;
				CLANG_WARN__DUPLICATE_METHOD_MATCH = YES;
				CODE_SIGN_STYLE = Automatic;
				COPY_PHASE_STRIP = NO;
				CURRENT_PROJECT_VERSION = 1;
				DEBUG_INFORMATION_FORMAT = dwarf;
				DEVELOPMENT_TEAM = CQ8HGJ67R9;
				ENABLE_STRICT_OBJC_MSGSEND = YES;
				ENABLE_TESTABILITY = YES;
				GCC_C_LANGUAGE_STANDARD = gnu11;
				GCC_DYNAMIC_NO_PIC = NO;
				GCC_NO_COMMON_BLOCKS = YES;
				GCC_OPTIMIZATION_LEVEL = 0;
				GCC_PREPROCESSOR_DEFINITIONS = (
					"$(inherited)",
					"DEBUG=1",
				);
				GCC_WARN_64_TO_32_BIT_CONVERSION = YES;
				GCC_WARN_ABOUT_RETURN_TYPE = YES_ERROR;
				GCC_WARN_UNDECLARED_SELECTOR = YES;
				GCC_WARN_UNINITIALIZED_AUTOS = YES_AGGRESSIVE;
				GCC_WARN_UNUSED_FUNCTION = YES;
				GCC_WARN_UNUSED_VARIABLE = YES;
				IPHONEOS_DEPLOYMENT_TARGET = 18.0;
				MACOSX_DEPLOYMENT_TARGET = 15.0;
				MARKETING_VERSION = 1.0.0;
				MTL_ENABLE_DEBUG_INFO = INCLUDE_SOURCE;
				MTL_FAST_MATH = YES;
				ONLY_ACTIVE_ARCH = YES;
				PRODUCT_NAME = "$(TARGET_NAME)";
				SWIFT_ACTIVE_COMPILATION_CONDITIONS = DEBUG;
				SWIFT_EMIT_LOC_STRINGS = YES;
				SWIFT_OPTIMIZATION_LEVEL = "-Onone";
				SWIFT_VERSION = 6.0;
				VERSIONING_SYSTEM = "apple-generic";
			};
			name = Debug;
		};
		94DD049F7EED45C2625395BB /* Debug */ = {
			isa = XCBuildConfiguration;
			buildSettings = {
				ALWAYS_SEARCH_USER_PATHS = NO;
				ARCHS = arm64;
				ASSETCATALOG_COMPILER_APPICON_NAME = AppIcon;
				CODE_SIGN_ENTITLEMENTS = Apps/macOS/FactoryDefense.entitlements;
				COMBINE_HIDPI_IMAGES = YES;
				ENABLE_HARDENED_RUNTIME = YES;
				INFOPLIST_FILE = Apps/macOS/Info.plist;
				LD_RUNPATH_SEARCH_PATHS = (
					"$(inherited)",
					"@executable_path/../Frameworks",
				);
				MACOSX_DEPLOYMENT_TARGET = 15.0;
				ONLY_ACTIVE_ARCH = YES;
				PRODUCT_BUNDLE_IDENTIFIER = com.factorydefense.macos;
				PRODUCT_NAME = "Factory Defense";
				SDKROOT = macosx;
			};
			name = Debug;
		};
		C959A3C388EA29493785C7CD /* Debug */ = {
			isa = XCBuildConfiguration;
			buildSettings = {
				ASSETCATALOG_COMPILER_APPICON_NAME = AppIcon;
				CODE_SIGN_ENTITLEMENTS = Apps/iOS/FactoryDefense.entitlements;
				CODE_SIGN_IDENTITY = "iPhone Developer";
				INFOPLIST_FILE = Apps/iOS/Info.plist;
				INFOPLIST_KEY_UILaunchScreen_Generation = YES;
				INFOPLIST_KEY_UIRequiresFullScreen = YES;
				INFOPLIST_KEY_UISupportedInterfaceOrientations_iPad = "UIInterfaceOrientationLandscapeLeft UIInterfaceOrientationLandscapeRight";
				INFOPLIST_KEY_UISupportedInterfaceOrientations_iPhone = "UIInterfaceOrientationLandscapeLeft UIInterfaceOrientationLandscapeRight";
				IPHONEOS_DEPLOYMENT_TARGET = 18.0;
				LD_RUNPATH_SEARCH_PATHS = (
					"$(inherited)",
					"@executable_path/Frameworks",
				);
				PRODUCT_BUNDLE_IDENTIFIER = com.factorydefense;
				PRODUCT_NAME = "Factory Defense";
				SDKROOT = iphoneos;
				TARGETED_DEVICE_FAMILY = "1,2";
			};
			name = Debug;
		};
/* End XCBuildConfiguration section */

/* Begin XCConfigurationList section */
		1964D85CEF416153CCDA2872 /* Build configuration list for PBXNativeTarget "FactoryDefense_macOS" */ = {
			isa = XCConfigurationList;
			buildConfigurations = (
				94DD049F7EED45C2625395BB /* Debug */,
				1FB54E21AE50D38B7E07D581 /* Release */,
			);
			defaultConfigurationIsVisible = 0;
			defaultConfigurationName = Release;
		};
		2D33B1D04C44B12F5BE5C138 /* Build configuration list for PBXProject "FactoryDefense" */ = {
			isa = XCConfigurationList;
			buildConfigurations = (
				7BB23F01C40DF7A0E15AB097 /* Debug */,
				58D9F884D7124E0D4E3E93AA /* Release */,
			);
			defaultConfigurationIsVisible = 0;
			defaultConfigurationName = Release;
		};
		74D03F1A78339165564C22B7 /* Build configuration list for PBXNativeTarget "FactoryDefense_iOS" */ = {
			isa = XCConfigurationList;
			buildConfigurations = (
				C959A3C388EA29493785C7CD /* Debug */,
				40961325AD8E78C7AE97A09E /* Release */,
			);
			defaultConfigurationIsVisible = 0;
			defaultConfigurationName = Release;
		};
/* End XCConfigurationList section */

/* Begin XCLocalSwiftPackageReference section */
		BC33B0E0CDAB767ECE16F114 /* XCLocalSwiftPackageReference "." */ = {
			isa = XCLocalSwiftPackageReference;
			relativePath = .;
		};
/* End XCLocalSwiftPackageReference section */

/* Begin XCSwiftPackageProductDependency section */
		3F2D8ABC468E5EBACDA094D7 /* GameContent */ = {
			isa = XCSwiftPackageProductDependency;
			productName = GameContent;
		};
		4558728C7379DD12FA5FC516 /* GamePlatform */ = {
			isa = XCSwiftPackageProductDependency;
			productName = GamePlatform;
		};
		6088D2A0F3BF7197A7B4FA04 /* GameRendering */ = {
			isa = XCSwiftPackageProductDependency;
			productName = GameRendering;
		};
		73195A00C9FA1F0151AF2AD3 /* GamePlatform */ = {
			isa = XCSwiftPackageProductDependency;
			productName = GamePlatform;
		};
		8B6F5770615DAC76217DC753 /* GameSimulation */ = {
			isa = XCSwiftPackageProductDependency;
			productName = GameSimulation;
		};
		A19C0F0FDF7C91400A522B20 /* GameContent */ = {
			isa = XCSwiftPackageProductDependency;
			productName = GameContent;
		};
		BD2D36B88E9A7143FD102DAE /* GameSimulation */ = {
			isa = XCSwiftPackageProductDependency;
			productName = GameSimulation;
		};
		BD341917CE630FB32F83519B /* GameRendering */ = {
			isa = XCSwiftPackageProductDependency;
			productName = GameRendering;
		};
		D1EC8F29E821FF0DCE265673 /* GameUI */ = {
			isa = XCSwiftPackageProductDependency;
			productName = GameUI;
		};
		EF3704ABFDC055A3552035A9 /* GameUI */ = {
			isa = XCSwiftPackageProductDependency;
			productName = GameUI;
		};
/* End XCSwiftPackageProductDependency section */
	};
	rootObject = 3678556D1C070DC73FA41605 /* Project object */;
}
